
Microsoft Visual Studio Solution File, Format Version 12.00
# Visual Studio 2015
Project("{FAE04EC0-301F-11D3-BF4B-00C04F79EFBC}") = "TCON_PROJECT1", "TCON_PROJECT1.csproj", "{BDB27A8C-FF06-F841-3D03-EC8215CE32C5}"
EndProject
Project("{FAE04EC0-301F-11D3-BF4B-00C04F79EFBC}") = "TCON_PROJECT1.Editor", "TCON_PROJECT1.Editor.csproj", "{2D9CD7EC-8475-46EC-B0C6-F9B965C9E3A4}"
EndProject
Global
	GlobalSection(SolutionConfigurationPlatforms) = preSolution
		Debug|Any CPU = Debug|Any CPU
		Release|Any CPU = Release|Any CPU
	EndGlobalSection
	GlobalSection(ProjectConfigurationPlatforms) = postSolution
		{BDB27A8C-FF06-F841-3D03-EC8215CE32C5}.Debug|Any CPU.ActiveCfg = Debug|Any CPU
		{BDB27A8C-FF06-F841-3D03-EC8215CE32C5}.Debug|Any CPU.Build.0 = Debug|Any CPU
		{BDB27A8C-FF06-F841-3D03-EC8215CE32C5}.Release|Any CPU.ActiveCfg = Release|Any CPU
		{BDB27A8C-FF06-F841-3D03-EC8215CE32C5}.Release|Any CPU.Build.0 = Release|Any CPU
		{2D9CD7EC-8475-46EC-B0C6-F9B965C9E3A4}.Debug|Any CPU.ActiveCfg = Debug|Any CPU
		{2D9CD7EC-8475-46EC-B0C6-F9B965C9E3A4}.Debug|Any CPU.Build.0 = Debug|Any CPU
		{2D9CD7EC-8475-46EC-B0C6-F9B965C9E3A4}.Release|Any CPU.ActiveCfg = Release|Any CPU
		{2D9CD7EC-8475-46EC-B0C6-F9B965C9E3A4}.Release|Any CPU.Build.0 = Release|Any CPU
	EndGlobalSection
	GlobalSection(SolutionProperties) = preSolution
		HideSolutionNode = FALSE
	EndGlobalSection
EndGlobal
